// !$*UTF8*$!
{
	archiveVersion = 1;
	classes = {
	};
	objectVersion = 46;
	objects = {

/* Begin PBXBuildFile section */
		49F526D41D6CE7150005F915 /* main.m in Sources */ = {isa = PBXBuildFile; fileRef = 49F526D31D6CE7150005F915 /* main.m */; };
		49F526DC1D6CE7780005F915 /* EspressoMachine.m in Sources */ = {isa = PBXBuildFile; fileRef = 49F526DB1D6CE7780005F915 /* EspressoMachine.m */; };
		49F526DF1D6CE7F70005F915 /* Barista.m in Sources */ = {isa = PBXBuildFile; fileRef = 49F526DE1D6CE7F70005F915 /* Barista.m */; };
/* End PBXBuildFile section */

/* Begin PBXCopyFilesBuildPhase section */
		49F526CE1D6CE7150005F915 /* CopyFiles */ = {
			isa = PBXCopyFilesBuildPhase;
			buildActionMask = 2147483647;
			dstPath = /usr/share/man/man1/;
			dstSubfolderSpec = 0;
			files = (
			);
			runOnlyForDeploymentPostprocessing = 1;
		};
/* End PBXCopyFilesBuildPhase section */

/* Begin PBXFileReference section */
		49F526D01D6CE7150005F915 /* Espresso Machine */ = {isa = PBXFileReference; explicitFileType = "compiled.mach-o.executable"; includeInIndex = 0; path = "Espresso Machine"; sourceTree = BUILT_PRODUCTS_DIR; };
		49F526D31D6CE7150005F915 /* main.m */ = {isa = PBXFileReference; lastKnownFileType = sourcecode.c.objc; path = main.m; sourceTree = "<group>"; };
		49F526DA1D6CE7780005F915 /* EspressoMachine.h */ = {isa = PBXFileReference; fileEncoding = 4; lastKnownFileType = sourcecode.c.h; path = EspressoMachine.h; sourceTree = "<group>"; };
		49F526DB1D6CE7780005F915 /* EspressoMachine.m */ = {isa = PBXFileReference; fileEncoding = 4; lastKnownFileType = sourcecode.c.objc; path = EspressoMachine.m; sourceTree = "<group>"; };
		49F526DD1D6CE7F70005F915 /* Barista.h */ = {isa = PBXFileReference; fileEncoding = 4; lastKnownFileType = sourcecode.c.h; path = Barista.h; sourceTree = "<group>"; };
		49F526DE1D6CE7F70005F915 /* Barista.m */ = {isa = PBXFileReference; fileEncoding = 4; lastKnownFileType = sourcecode.c.objc; path = Barista.m; sourceTree = "<group>"; };
/* End PBXFileReference section */

/* Begin PBXFrameworksBuildPhase section */
		49F526CD1D6CE7150005F915 /* Frameworks */ = {
			isa = PBXFrameworksBuildPhase;
			buildActionMask = 2147483647;
			files = (
			);
			runOnlyForDeploymentPostprocessing = 0;
		};
/* End PBXFrameworksBuildPhase section */

/* Begin PBXGroup section */
		49F526C71D6CE7150005F915 = {
			isa = PBXGroup;
			children = (
				49F526D21D6CE7150005F915 /* Espresso Machine */,
				49F526D11D6CE7150005F915 /* Products */,
			);
			sourceTree = "<group>";
		};
		49F526D11D6CE7150005F915 /* Products */ = {
			isa = PBXGroup;
			children = (
				49F526D01D6CE7150005F915 /* Espresso Machine */,
			);
			name = Products;
			sourceTree = "<group>";
		};
		49F526D21D6CE7150005F915 /* Espresso Machine */ = {
			isa = PBXGroup;
			children = (
				49F526D31D6CE7150005F915 /* main.m */,
				49F526DA1D6CE7780005F915 /* EspressoMachine.h */,
				49F526DB1D6CE7780005F915 /* EspressoMachine.m */,
				49F526DD1D6CE7F70005F915 /* Barista.h */,
				49F526DE1D6CE7F70005F915 /* Barista.m */,
			);
			path = "Espresso Machine";
			sourceTree = "<group>";
		};
/* End PBXGroup section */

/* Begin PBXNativeTarget section */
		49F526CF1D6CE7150005F915 /* Espresso Machine */ = {
			isa = PBXNativeTarget;
			buildConfigurationList = 49F526D71D6CE7150005F915 /* Build configuration list for PBXNativeTarget "Espresso Machine" */;
			buildPhases = (
				49F526CC1D6CE7150005F915 /* Sources */,
				49F526CD1D6CE7150005F915 /* Frameworks */,
				49F526CE1D6CE7150005F915 /* CopyFiles */,
			);
			buildRules = (
			);
			dependencies = (
			);
			name = "Espresso Machine";
			productName = "Espresso Machine";
			productReference = 49F526D01D6CE7150005F915 /* Espresso Machine */;
			productType = "com.apple.product-type.tool";
		};
/* End PBXNativeTarget section */

/* Begin PBXProject section */
		49F526C81D6CE7150005F915 /* Project object */ = {
			isa = PBXProject;
			attributes = {
				LastUpgradeCheck = 0800;
				ORGANIZATIONNAME = Invictus;
				TargetAttributes = {
					49F526CF1D6CE7150005F915 = {
						CreatedOnToolsVersion = 8.0;
						ProvisioningStyle = Automatic;
					};
				};
			};
			buildConfigurationList = 49F526CB1D6CE7150005F915 /* Build configuration list for PBXProject "Espresso Machine" */;
			compatibilityVersion = "Xcode 3.2";
			developmentRegion = English;
			hasScannedForEncodings = 0;
			knownRegions = (
				en,
			);
			mainGroup = 49F526C71D6CE7150005F915;
			productRefGroup = 49F526D11D6CE7150005F915 /* Products */;
			projectDirPath = "";
			projectRoot = "";
			targets = (
				49F526CF1D6CE7150005F915 /* Espresso Machine */,
			);
		};
/* End PBXProject section */

/* Begin PBXSourcesBuildPhase section */
		49F526CC1D6CE7150005F915 /* Sources */ = {
			isa = PBXSourcesBuildPhase;
			buildActionMask = 2147483647;
			files = (
				49F526D41D6CE7150005F915 /* main.m in Sources */,
				49F526DF1D6CE7F70005F915 /* Barista.m in Sources */,
				49F526DC1D6CE7780005F915 /* EspressoMachine.m in Sources */,
			);
			runOnlyForDeploymentPostprocessing = 0;
		};
/* End PBXSourcesBuildPhase section */

/* Begin XCBuildConfiguration section */
		49F526D51D6CE7150005F915 /* Debug */ = {
			isa = XCBuildConfiguration;
			buildSettings = {
				ALWAYS_SEARCH_USER_PATHS = NO;
				CLANG_ANALYZER_NONNULL = YES;
				CLANG_CXX_LANGUAGE_STANDARD = "gnu++0x";
				CLANG_CXX_LIBRARY = "libc++";
				CLANG_ENABLE_MODULES = YES;
				CLANG_ENABLE_OBJC_ARC = YES;
				CLANG_WARN_BOOL_CONVERSION = YES;
				CLANG_WARN_CONSTANT_CONVERSION = YES;
				CLANG_WARN_DIRECT_OBJC_ISA_USAGE = YES_ERROR;
				CLANG_WARN_DOCUMENTATION_COMMENTS = YES;
				CLANG_WARN_EMPTY_BODY = YES;
				CLANG_WARN_ENUM_CONVERSION = YES;
				CLANG_WARN_INFINITE_RECURSION = YES;
				CLANG_WARN_INT_CONVERSION = YES;
				CLANG_WARN_OBJC_ROOT_CLASS = YES_ERROR;
				CLANG_WARN_SUSPICIOUS_MOVES = YES;
				CLANG_WARN_UNREACHABLE_CODE = YES;
				CLANG_WARN__DUPLICATE_METHOD_MATCH = YES;
				CODE_SIGN_IDENTITY = "-";
				COPY_PHASE_STRIP = NO;
				DEBUG_INFORMATION_FORMAT = dwarf;
				ENABLE_STRICT_OBJC_MSGSEND = YES;
				ENABLE_TESTABILITY = YES;
				GCC_C_LANGUAGE_STANDARD = gnu99;
				GCC_DYNAMIC_NO_PIC = NO;
				GCC_NO_COMMON_BLOCKS = YES;
				GCC_OPTIMIZATION_LEVEL = 0;
				GCC_PREPROCESSOR_DEFINITIONS = (
					"DEBUG=1",
					"$(inherited)",
				);
				GCC_WARN_64_TO_32_BIT_CONVERSION = YES;
				GCC_WARN_ABOUT_RETURN_TYPE = YES_ERROR;
				GCC_WARN_UNDECLARED_SELECTOR = YES;
				GCC_WARN_UNINITIALIZED_AUTOS = YES_AGGRESSIVE;
				GCC_WARN_UNUSED_FUNCTION = YES;
				GCC_WARN_UNUSED_VARIABLE = YES;
				MACOSX_DEPLOYMENT_TARGET = 10.11;
				MTL_ENABLE_DEBUG_INFO = YES;
				ONLY_ACTIVE_ARCH = YES;
				SDKROOT = macosx;
			};
			name = Debug;
		};
		49F526D61D6CE7150005F915 /* Release */ = {
			isa = XCBuildConfiguration;
			buildSettings = {
				ALWAYS_SEARCH_USER_PATHS = NO;
				CLANG_ANALYZER_NONNULL = YES;
				CLANG_CXX_LANGUAGE_STANDARD = "gnu++0x";
				CLANG_CXX_LIBRARY = "libc++";
				CLANG_ENABLE_MODULES = YES;
				CLANG_ENABLE_OBJC_ARC = YES;
				CLANG_WARN_BOOL_CONVERSION = YES;
				CLANG_WARN_CONSTANT_CONVERSION = YES;
				CLANG_WARN_DIRECT_OBJC_ISA_USAGE = YES_ERROR;
				CLANG_WARN_DOCUMENTATION_COMMENTS = YES;
				CLANG_WARN_EMPTY_BODY = YES;
				CLANG_WARN_ENUM_CONVERSION = YES;
				CLANG_WARN_INFINITE_RECURSION = YES;
				CLANG_WARN_INT_CONVERSION = YES;
				CLANG_WARN_OBJC_ROOT_CLASS = YES_ERROR;
				CLANG_WARN_SUSPICIOUS_MOVES = YES;
				CLANG_WARN_UNREACHABLE_CODE = YES;
				CLANG_WARN__DUPLICATE_METHOD_MATCH = YES;
				CODE_SIGN_IDENTITY = "-";
				COPY_PHASE_STRIP = NO;
				DEBUG_INFORMATION_FORMAT = "dwarf-with-dsym";
				ENABLE_NS_ASSERTIONS = NO;
				ENABLE_STRICT_OBJC_MSGSEND = YES;
				GCC_C_LANGUAGE_STANDARD = gnu99;
				GCC_NO_COMMON_BLOCKS = YES;
				GCC_WARN_64_TO_32_BIT_CONVERSION = YES;
				GCC_WARN_ABOUT_RETURN_TYPE = YES_ERROR;
				GCC_WARN_UNDECLARED_SELECTOR = YES;
				GCC_WARN_UNINITIALIZED_AUTOS = YES_AGGRESSIVE;
				GCC_WARN_UNUSED_FUNCTION = YES;
				GCC_WARN_UNUSED_VARIABLE = YES;
				MACOSX_DEPLOYMENT_TARGET = 10.11;
				MTL_ENABLE_DEBUG_INFO = NO;
				SDKROOT = macosx;
			};
			name = Release;
		};
		49F526D81D6CE7150005F915 /* Debug */ = {
			isa = XCBuildConfiguration;
			buildSettings = {
				PRODUCT_NAME = "$(TARGET_NAME)";
			};
			name = Debug;
		};
		49F526D91D6CE7150005F915 /* Release */ = {
			isa = XCBuildConfiguration;
			buildSettings = {
				PRODUCT_NAME = "$(TARGET_NAME)";
			};
			name = Release;
		};
/* End XCBuildConfiguration section */

/* Begin XCConfigurationList section */
		49F526CB1D6CE7150005F915 /* Build configuration list for PBXProject "Espresso Machine" */ = {
			isa = XCConfigurationList;
			buildConfigurations = (
				49F526D51D6CE7150005F915 /* Debug */,
				49F526D61D6CE7150005F915 /* Release */,
			);
			defaultConfigurationIsVisible = 0;
			defaultConfigurationName = Release;
		};
		49F526D71D6CE7150005F915 /* Build configuration list for PBXNativeTarget "Espresso Machine" */ = {
			isa = XCConfigurationList;
			buildConfigurations = (
				49F526D81D6CE7150005F915 /* Debug */,
				49F526D91D6CE7150005F915 /* Release */,
			);
			defaultConfigurationIsVisible = 0;
		};
/* End XCConfigurationList section */
	};
	rootObject = 49F526C81D6CE7150005F915 /* Project object */;
}
